{
  "name": "notifyflow-root",
  "version": "1.0.0",
  "lockfileVersion": 3,
  "requires": true,
  "packages": {
    "": {
      "name": "notifyflow-root",
      "version": "1.0.0",
      "workspaces": [
        "shared/*",
        "services/*",
        "frontend"
      ],
      "engines": {
        "node": ">=18.0.0"
      }
    }
  }
}
